Microsoft Visual Studio Solution File, Format Version 11.00
# Visual Studio 2008

Project("{038F04F0-349F-F449-A5D1-6FAF8FC31347}") = "SUtopia-360", "Assembly-CSharp-firstpass.csproj", "{15A31275-6FB7-C12C-209F-DB442EDEEBC2}"
EndProject
Project("{038F04F0-349F-F449-A5D1-6FAF8FC31347}") = "SUtopia-360", "Assembly-CSharp.csproj", "{390358FD-37DD-CB57-A802-793113C5EAAA}"
EndProject
Project("{038F04F0-349F-F449-A5D1-6FAF8FC31347}") = "SUtopia-360", "Assembly-CSharp-Editor.csproj", "{AB207E9E-1389-3353-DC55-340BDEE500E4}"
EndProject
Global
	GlobalSection(SolutionConfigurationPlatforms) = preSolution
		Debug|Any CPU = Debug|Any CPU
		Release|Any CPU = Release|Any CPU
	EndGlobalSection
	GlobalSection(ProjectConfigurationPlatforms) = postSolution
		{15A31275-6FB7-C12C-209F-DB442EDEEBC2}.Debug|Any CPU.ActiveCfg = Debug|Any CPU
		{15A31275-6FB7-C12C-209F-DB442EDEEBC2}.Debug|Any CPU.Build.0 = Debug|Any CPU
		{15A31275-6FB7-C12C-209F-DB442EDEEBC2}.Release|Any CPU.ActiveCfg = Release|Any CPU
		{15A31275-6FB7-C12C-209F-DB442EDEEBC2}.Release|Any CPU.Build.0 = Release|Any CPU
		{390358FD-37DD-CB57-A802-793113C5EAAA}.Debug|Any CPU.ActiveCfg = Debug|Any CPU
		{390358FD-37DD-CB57-A802-793113C5EAAA}.Debug|Any CPU.Build.0 = Debug|Any CPU
		{390358FD-37DD-CB57-A802-793113C5EAAA}.Release|Any CPU.ActiveCfg = Release|Any CPU
		{390358FD-37DD-CB57-A802-793113C5EAAA}.Release|Any CPU.Build.0 = Release|Any CPU
		{AB207E9E-1389-3353-DC55-340BDEE500E4}.Debug|Any CPU.ActiveCfg = Debug|Any CPU
		{AB207E9E-1389-3353-DC55-340BDEE500E4}.Debug|Any CPU.Build.0 = Debug|Any CPU
		{AB207E9E-1389-3353-DC55-340BDEE500E4}.Release|Any CPU.ActiveCfg = Release|Any CPU
		{AB207E9E-1389-3353-DC55-340BDEE500E4}.Release|Any CPU.Build.0 = Release|Any CPU
	EndGlobalSection
	GlobalSection(SolutionProperties) = preSolution
		HideSolutionNode = FALSE
	EndGlobalSection
	GlobalSection(MonoDevelopProperties) = preSolution
		StartupItem = Assembly-CSharp.csproj
	EndGlobalSection
EndGlobal
